
Microsoft Visual Studio Solution File, Format Version 12.00
# Visual Studio Version 16
VisualStudioVersion = 16.0.33801.447
MinimumVisualStudioVersion = 10.0.40219.1
Project("{9A19103F-16F7-4668-BE54-9A1E7A4F7556}") = "DSA.Problems", "DSA.Problems\DSA.Problems.csproj", "{38F09B16-8C4D-4022-BB38-7FB91A283F1A}"
EndProject
Project("{9A19103F-16F7-4668-BE54-9A1E7A4F7556}") = "DotNetConcepts", "DotNetConcepts\DotNetConcepts.csproj", "{C328E176-D920-460C-AE54-57E7AFA1574C}"
EndProject
Global
	GlobalSection(SolutionConfigurationPlatforms) = preSolution
		Debug|Any CPU = Debug|Any CPU
		Release|Any CPU = Release|Any CPU
	EndGlobalSection
	GlobalSection(ProjectConfigurationPlatforms) = postSolution
		{38F09B16-8C4D-4022-BB38-7FB91A283F1A}.Debug|Any CPU.ActiveCfg = Debug|Any CPU
		{38F09B16-8C4D-4022-BB38-7FB91A283F1A}.Debug|Any CPU.Build.0 = Debug|Any CPU
		{38F09B16-8C4D-4022-BB38-7FB91A283F1A}.Release|Any CPU.ActiveCfg = Release|Any CPU
		{38F09B16-8C4D-4022-BB38-7FB91A283F1A}.Release|Any CPU.Build.0 = Release|Any CPU
		{C328E176-D920-460C-AE54-57E7AFA1574C}.Debug|Any CPU.ActiveCfg = Debug|Any CPU
		{C328E176-D920-460C-AE54-57E7AFA1574C}.Debug|Any CPU.Build.0 = Debug|Any CPU
		{C328E176-D920-460C-AE54-57E7AFA1574C}.Release|Any CPU.ActiveCfg = Release|Any CPU
		{C328E176-D920-460C-AE54-57E7AFA1574C}.Release|Any CPU.Build.0 = Release|Any CPU
	EndGlobalSection
	GlobalSection(SolutionProperties) = preSolution
		HideSolutionNode = FALSE
	EndGlobalSection
	GlobalSection(ExtensibilityGlobals) = postSolution
		SolutionGuid = {4E470A4B-489E-4434-AFE2-CB998CA63EB8}
	EndGlobalSection
EndGlobal
